
Microsoft Visual Studio Solution File, Format Version 12.00
# Visual Studio Version 17
VisualStudioVersion = 17.7.34024.191
MinimumVisualStudioVersion = 10.0.40219.1
Project("{2150E333-8FDC-42A3-9474-1A3956D46DE8}") = "Src", "Src", "{B2D06C57-0BD6-479F-9C0A-38EFF41132F8}"
EndProject
Project("{2150E333-8FDC-42A3-9474-1A3956D46DE8}") = "Services", "Services", "{2CFD999F-D375-42CF-B1BF-17433715DBAC}"
EndProject
Project("{2150E333-8FDC-42A3-9474-1A3956D46DE8}") = "Cartax", "Cartax", "{A245AF64-BE1F-4887-BDE5-F30B42B01579}"
EndProject
Project("{2150E333-8FDC-42A3-9474-1A3956D46DE8}") = "Cartax.Domain", "Cartax.Domain", "{23B3515A-9DE9-48D3-9D3D-F0C432BF3977}"
EndProject
Project("{2150E333-8FDC-42A3-9474-1A3956D46DE8}") = "Cartax.Applications", "Cartax.Applications", "{E79E8359-3911-40D5-BFB1-AF76E151C3BE}"
EndProject
Project("{2150E333-8FDC-42A3-9474-1A3956D46DE8}") = "Cartax.InfraSturchar", "Cartax.InfraSturchar", "{961879BA-E0D2-4A4E-AAD9-24DF1D2756F8}"
EndProject
Project("{2150E333-8FDC-42A3-9474-1A3956D46DE8}") = "Cartax.Presentation", "Cartax.Presentation", "{4B7C477A-5EE1-4317-8A5B-F45EC79CCAF2}"
EndProject
Project("{9A19103F-16F7-4668-BE54-9A1E7A4F7556}") = "Cartax.Presentation", "Services\Src\Cartax.Presentation\Cartax.Presentation.csproj", "{AB5563E6-5E71-42D6-911D-273399796165}"
EndProject
Project("{9A19103F-16F7-4668-BE54-9A1E7A4F7556}") = "Cartax.InfraSturchar", "Services\Src\Cartax.InfraSturchar\Cartax.InfraSturchar.csproj", "{9E2B26B5-BE15-48EC-894C-4E0167F47718}"
EndProject
Project("{9A19103F-16F7-4668-BE54-9A1E7A4F7556}") = "Cartax.Applications", "Services\Src\Cartax.Applications\Cartax.Applications.csproj", "{D57C755C-CD42-45A3-9BD9-1BA323D32503}"
EndProject
Project("{9A19103F-16F7-4668-BE54-9A1E7A4F7556}") = "Cartax.Domain", "Services\Src\Cartax.Domain\Cartax.Domain.csproj", "{23C8B941-8D41-422A-AD39-929A63E5F627}"
EndProject
Project("{2150E333-8FDC-42A3-9474-1A3956D46DE8}") = "Cartax.UI", "Cartax.UI", "{91D345A1-2634-4FCE-80B0-51D24F5C82DC}"
EndProject
Project("{2150E333-8FDC-42A3-9474-1A3956D46DE8}") = "Cartax.Test", "Cartax.Test", "{D224A1A3-8A3A-46CE-B0E0-D7B7D631C81E}"
EndProject
Project("{9A19103F-16F7-4668-BE54-9A1E7A4F7556}") = "Cartax.WebAPI", "Services\Src\Cartax.WebAPI\Cartax.WebAPI.csproj", "{3B4EEF7E-4686-4881-B97A-9768F3E56C4E}"
EndProject
Project("{9A19103F-16F7-4668-BE54-9A1E7A4F7556}") = "Cartax.Test", "Services\Src\Cartax.Test\Cartax.Test\Cartax.Test.csproj", "{36464308-AD28-4119-AD37-ED3EED130383}"
EndProject
Project("{2150E333-8FDC-42A3-9474-1A3956D46DE8}") = "Libraries", "Libraries", "{12251ED1-7FB8-47F2-BC00-27547CE55E5B}"
EndProject
Project("{9A19103F-16F7-4668-BE54-9A1E7A4F7556}") = "Library_Domain", "Libraries\Library_Domain\Library_Domain.csproj", "{F23DD347-19FC-48DA-8862-E083DC8D2008}"
EndProject
Project("{2150E333-8FDC-42A3-9474-1A3956D46DE8}") = "Car", "Car", "{35CC1BEE-5209-4AE0-BE95-821243B17B74}"
EndProject
Project("{9A19103F-16F7-4668-BE54-9A1E7A4F7556}") = "CarTax.Car.Domain", "Services\Src\CarTax.Car\CarTax.Car.Domain\CarTax.Car.Domain.csproj", "{0ECC03B8-7B0B-4FBA-85FE-48A99DD334AA}"
EndProject
Project("{9A19103F-16F7-4668-BE54-9A1E7A4F7556}") = "CarTax.Car.Message", "CarTax.Car.Message\CarTax.Car.Message.csproj", "{BDCB5F9F-AC29-4982-BED1-559441A1DA86}"
EndProject
Project("{9A19103F-16F7-4668-BE54-9A1E7A4F7556}") = "Libraries_Helper", "Libraries\Libraries_Helper\Libraries_Helper.csproj", "{036B318B-E677-4DF3-9609-7554A763F223}"
EndProject
Project("{9A19103F-16F7-4668-BE54-9A1E7A4F7556}") = "CarTax.Car", "Services\Src\CarTax.Car\CarTax.Car\CarTax.Car.csproj", "{9819D56B-5451-45BF-B6A4-AED8ECFB9C36}"
EndProject
Project("{9A19103F-16F7-4668-BE54-9A1E7A4F7556}") = "CarTax.Car.Infrastruchar", "Services\Src\CarTax.Car\CarTax.Infrastruchar\CarTax.Car.Infrastruchar.csproj", "{F5A5CA13-E1B8-4B2C-A25E-02410EF38328}"
EndProject
Project("{9A19103F-16F7-4668-BE54-9A1E7A4F7556}") = "Library_EF", "Libraries\Library_EF\Library_EF.csproj", "{7BB54D9A-8882-4395-B51D-1D519791C8F4}"
EndProject
Project("{9A19103F-16F7-4668-BE54-9A1E7A4F7556}") = "CarTax.Car.Test", "Services\Src\CarTax.Car\CarTax.Car.Test\CarTax.Car.Test.csproj", "{B08AA3F3-24F5-4EE6-9449-92BAFC7A7F21}"
EndProject
Project("{9A19103F-16F7-4668-BE54-9A1E7A4F7556}") = "CarTax.Car.Application", "Services\Src\CarTax.Car\CarTax.Car.Application\CarTax.Car.Application.csproj", "{0524572E-AB70-486D-9A1C-29E1F3D3660D}"
EndProject
Project("{9A19103F-16F7-4668-BE54-9A1E7A4F7556}") = "Library_API", "Libraries\Library_API\Library_API.csproj", "{1F12ACF8-FF39-4E96-ADC8-9F4BE29DCA3F}"
EndProject
Project("{FAE04EC0-301F-11D3-BF4B-00C04F79EFBC}") = "CarTax.CarType.Domain", "Services\Src\CarTax.Car\CarTax.CarType.Domain\CarTax.CarType.Domain.csproj", "{729D0AB6-264A-4DC3-A67F-05AD1B50478E}"
EndProject
Project("{FAE04EC0-301F-11D3-BF4B-00C04F79EFBC}") = "CarTax.CarType.Infrastruchar", "Services\Src\CarTax.Car\CarTax.CarType.Infrastruchar\CarTax.CarType.Infrastruchar.csproj", "{5C7515F6-272D-422D-8A24-44A7E172CDB0}"
EndProject
Project("{FAE04EC0-301F-11D3-BF4B-00C04F79EFBC}") = "CarTax.CarType.Message", "Services\Src\CarTax.Car\CarTax.CarType.Message\CarTax.CarType.Message.csproj", "{9FB0869A-D0F3-41FA-A9F9-E4FF31BA8C6A}"
EndProject
Project("{FAE04EC0-301F-11D3-BF4B-00C04F79EFBC}") = "CarTax.CarType.Application", "Services\Src\CarTax.Car\CarTax.CarType.Application\CarTax.CarType.Application.csproj", "{73172361-7562-4E24-AC4B-3B03D57A062A}"
EndProject
Project("{FAE04EC0-301F-11D3-BF4B-00C04F79EFBC}") = "CarTax.CarType.Test", "Services\Src\CarTax.Car\CarTax.CarType.Test\CarTax.CarType.Test.csproj", "{21F9F356-EDE8-48D9-932B-10E6C2FD5FFC}"
EndProject
Project("{FAE04EC0-301F-11D3-BF4B-00C04F79EFBC}") = "CarTax.CarType", "Services\Src\CarTax.Car\CarTax.CarType\CarTax.CarType.csproj", "{3849176C-0F1C-4772-BFD1-8F1BE03DD4AD}"
EndProject
Global
	GlobalSection(SolutionConfigurationPlatforms) = preSolution
		Debug|Any CPU = Debug|Any CPU
		Release|Any CPU = Release|Any CPU
	EndGlobalSection
	GlobalSection(ProjectConfigurationPlatforms) = postSolution
		{AB5563E6-5E71-42D6-911D-273399796165}.Debug|Any CPU.ActiveCfg = Debug|Any CPU
		{AB5563E6-5E71-42D6-911D-273399796165}.Debug|Any CPU.Build.0 = Debug|Any CPU
		{AB5563E6-5E71-42D6-911D-273399796165}.Release|Any CPU.ActiveCfg = Release|Any CPU
		{AB5563E6-5E71-42D6-911D-273399796165}.Release|Any CPU.Build.0 = Release|Any CPU
		{9E2B26B5-BE15-48EC-894C-4E0167F47718}.Debug|Any CPU.ActiveCfg = Debug|Any CPU
		{9E2B26B5-BE15-48EC-894C-4E0167F47718}.Debug|Any CPU.Build.0 = Debug|Any CPU
		{9E2B26B5-BE15-48EC-894C-4E0167F47718}.Release|Any CPU.ActiveCfg = Release|Any CPU
		{9E2B26B5-BE15-48EC-894C-4E0167F47718}.Release|Any CPU.Build.0 = Release|Any CPU
		{D57C755C-CD42-45A3-9BD9-1BA323D32503}.Debug|Any CPU.ActiveCfg = Debug|Any CPU
		{D57C755C-CD42-45A3-9BD9-1BA323D32503}.Debug|Any CPU.Build.0 = Debug|Any CPU
		{D57C755C-CD42-45A3-9BD9-1BA323D32503}.Release|Any CPU.ActiveCfg = Release|Any CPU
		{D57C755C-CD42-45A3-9BD9-1BA323D32503}.Release|Any CPU.Build.0 = Release|Any CPU
		{23C8B941-8D41-422A-AD39-929A63E5F627}.Debug|Any CPU.ActiveCfg = Debug|Any CPU
		{23C8B941-8D41-422A-AD39-929A63E5F627}.Debug|Any CPU.Build.0 = Debug|Any CPU
		{23C8B941-8D41-422A-AD39-929A63E5F627}.Release|Any CPU.ActiveCfg = Release|Any CPU
		{23C8B941-8D41-422A-AD39-929A63E5F627}.Release|Any CPU.Build.0 = Release|Any CPU
		{3B4EEF7E-4686-4881-B97A-9768F3E56C4E}.Debug|Any CPU.ActiveCfg = Debug|Any CPU
		{3B4EEF7E-4686-4881-B97A-9768F3E56C4E}.Debug|Any CPU.Build.0 = Debug|Any CPU
		{3B4EEF7E-4686-4881-B97A-9768F3E56C4E}.Release|Any CPU.ActiveCfg = Release|Any CPU
		{3B4EEF7E-4686-4881-B97A-9768F3E56C4E}.Release|Any CPU.Build.0 = Release|Any CPU
		{36464308-AD28-4119-AD37-ED3EED130383}.Debug|Any CPU.ActiveCfg = Debug|Any CPU
		{36464308-AD28-4119-AD37-ED3EED130383}.Debug|Any CPU.Build.0 = Debug|Any CPU
		{36464308-AD28-4119-AD37-ED3EED130383}.Release|Any CPU.ActiveCfg = Release|Any CPU
		{36464308-AD28-4119-AD37-ED3EED130383}.Release|Any CPU.Build.0 = Release|Any CPU
		{F23DD347-19FC-48DA-8862-E083DC8D2008}.Debug|Any CPU.ActiveCfg = Debug|Any CPU
		{F23DD347-19FC-48DA-8862-E083DC8D2008}.Debug|Any CPU.Build.0 = Debug|Any CPU
		{F23DD347-19FC-48DA-8862-E083DC8D2008}.Release|Any CPU.ActiveCfg = Release|Any CPU
		{F23DD347-19FC-48DA-8862-E083DC8D2008}.Release|Any CPU.Build.0 = Release|Any CPU
		{0ECC03B8-7B0B-4FBA-85FE-48A99DD334AA}.Debug|Any CPU.ActiveCfg = Debug|Any CPU
		{0ECC03B8-7B0B-4FBA-85FE-48A99DD334AA}.Debug|Any CPU.Build.0 = Debug|Any CPU
		{0ECC03B8-7B0B-4FBA-85FE-48A99DD334AA}.Release|Any CPU.ActiveCfg = Release|Any CPU
		{0ECC03B8-7B0B-4FBA-85FE-48A99DD334AA}.Release|Any CPU.Build.0 = Release|Any CPU
		{BDCB5F9F-AC29-4982-BED1-559441A1DA86}.Debug|Any CPU.ActiveCfg = Debug|Any CPU
		{BDCB5F9F-AC29-4982-BED1-559441A1DA86}.Debug|Any CPU.Build.0 = Debug|Any CPU
		{BDCB5F9F-AC29-4982-BED1-559441A1DA86}.Release|Any CPU.ActiveCfg = Release|Any CPU
		{BDCB5F9F-AC29-4982-BED1-559441A1DA86}.Release|Any CPU.Build.0 = Release|Any CPU
		{036B318B-E677-4DF3-9609-7554A763F223}.Debug|Any CPU.ActiveCfg = Debug|Any CPU
		{036B318B-E677-4DF3-9609-7554A763F223}.Debug|Any CPU.Build.0 = Debug|Any CPU
		{036B318B-E677-4DF3-9609-7554A763F223}.Release|Any CPU.ActiveCfg = Release|Any CPU
		{036B318B-E677-4DF3-9609-7554A763F223}.Release|Any CPU.Build.0 = Release|Any CPU
		{9819D56B-5451-45BF-B6A4-AED8ECFB9C36}.Debug|Any CPU.ActiveCfg = Debug|Any CPU
		{9819D56B-5451-45BF-B6A4-AED8ECFB9C36}.Debug|Any CPU.Build.0 = Debug|Any CPU
		{9819D56B-5451-45BF-B6A4-AED8ECFB9C36}.Release|Any CPU.ActiveCfg = Release|Any CPU
		{9819D56B-5451-45BF-B6A4-AED8ECFB9C36}.Release|Any CPU.Build.0 = Release|Any CPU
		{F5A5CA13-E1B8-4B2C-A25E-02410EF38328}.Debug|Any CPU.ActiveCfg = Debug|Any CPU
		{F5A5CA13-E1B8-4B2C-A25E-02410EF38328}.Debug|Any CPU.Build.0 = Debug|Any CPU
		{F5A5CA13-E1B8-4B2C-A25E-02410EF38328}.Release|Any CPU.ActiveCfg = Release|Any CPU
		{F5A5CA13-E1B8-4B2C-A25E-02410EF38328}.Release|Any CPU.Build.0 = Release|Any CPU
		{7BB54D9A-8882-4395-B51D-1D519791C8F4}.Debug|Any CPU.ActiveCfg = Debug|Any CPU
		{7BB54D9A-8882-4395-B51D-1D519791C8F4}.Debug|Any CPU.Build.0 = Debug|Any CPU
		{7BB54D9A-8882-4395-B51D-1D519791C8F4}.Release|Any CPU.ActiveCfg = Release|Any CPU
		{7BB54D9A-8882-4395-B51D-1D519791C8F4}.Release|Any CPU.Build.0 = Release|Any CPU
		{B08AA3F3-24F5-4EE6-9449-92BAFC7A7F21}.Debug|Any CPU.ActiveCfg = Debug|Any CPU
		{B08AA3F3-24F5-4EE6-9449-92BAFC7A7F21}.Debug|Any CPU.Build.0 = Debug|Any CPU
		{B08AA3F3-24F5-4EE6-9449-92BAFC7A7F21}.Release|Any CPU.ActiveCfg = Release|Any CPU
		{B08AA3F3-24F5-4EE6-9449-92BAFC7A7F21}.Release|Any CPU.Build.0 = Release|Any CPU
		{0524572E-AB70-486D-9A1C-29E1F3D3660D}.Debug|Any CPU.ActiveCfg = Debug|Any CPU
		{0524572E-AB70-486D-9A1C-29E1F3D3660D}.Debug|Any CPU.Build.0 = Debug|Any CPU
		{0524572E-AB70-486D-9A1C-29E1F3D3660D}.Release|Any CPU.ActiveCfg = Release|Any CPU
		{0524572E-AB70-486D-9A1C-29E1F3D3660D}.Release|Any CPU.Build.0 = Release|Any CPU
		{1F12ACF8-FF39-4E96-ADC8-9F4BE29DCA3F}.Debug|Any CPU.ActiveCfg = Debug|Any CPU
		{1F12ACF8-FF39-4E96-ADC8-9F4BE29DCA3F}.Debug|Any CPU.Build.0 = Debug|Any CPU
		{1F12ACF8-FF39-4E96-ADC8-9F4BE29DCA3F}.Release|Any CPU.ActiveCfg = Release|Any CPU
		{1F12ACF8-FF39-4E96-ADC8-9F4BE29DCA3F}.Release|Any CPU.Build.0 = Release|Any CPU
		{729D0AB6-264A-4DC3-A67F-05AD1B50478E}.Debug|Any CPU.ActiveCfg = Debug|Any CPU
		{729D0AB6-264A-4DC3-A67F-05AD1B50478E}.Debug|Any CPU.Build.0 = Debug|Any CPU
		{729D0AB6-264A-4DC3-A67F-05AD1B50478E}.Release|Any CPU.ActiveCfg = Release|Any CPU
		{729D0AB6-264A-4DC3-A67F-05AD1B50478E}.Release|Any CPU.Build.0 = Release|Any CPU
		{5C7515F6-272D-422D-8A24-44A7E172CDB0}.Debug|Any CPU.ActiveCfg = Debug|Any CPU
		{5C7515F6-272D-422D-8A24-44A7E172CDB0}.Debug|Any CPU.Build.0 = Debug|Any CPU
		{5C7515F6-272D-422D-8A24-44A7E172CDB0}.Release|Any CPU.ActiveCfg = Release|Any CPU
		{5C7515F6-272D-422D-8A24-44A7E172CDB0}.Release|Any CPU.Build.0 = Release|Any CPU
		{9FB0869A-D0F3-41FA-A9F9-E4FF31BA8C6A}.Debug|Any CPU.ActiveCfg = Debug|Any CPU
		{9FB0869A-D0F3-41FA-A9F9-E4FF31BA8C6A}.Debug|Any CPU.Build.0 = Debug|Any CPU
		{9FB0869A-D0F3-41FA-A9F9-E4FF31BA8C6A}.Release|Any CPU.ActiveCfg = Release|Any CPU
		{9FB0869A-D0F3-41FA-A9F9-E4FF31BA8C6A}.Release|Any CPU.Build.0 = Release|Any CPU
		{73172361-7562-4E24-AC4B-3B03D57A062A}.Debug|Any CPU.ActiveCfg = Debug|Any CPU
		{73172361-7562-4E24-AC4B-3B03D57A062A}.Debug|Any CPU.Build.0 = Debug|Any CPU
		{73172361-7562-4E24-AC4B-3B03D57A062A}.Release|Any CPU.ActiveCfg = Release|Any CPU
		{73172361-7562-4E24-AC4B-3B03D57A062A}.Release|Any CPU.Build.0 = Release|Any CPU
		{21F9F356-EDE8-48D9-932B-10E6C2FD5FFC}.Debug|Any CPU.ActiveCfg = Debug|Any CPU
		{21F9F356-EDE8-48D9-932B-10E6C2FD5FFC}.Debug|Any CPU.Build.0 = Debug|Any CPU
		{21F9F356-EDE8-48D9-932B-10E6C2FD5FFC}.Release|Any CPU.ActiveCfg = Release|Any CPU
		{21F9F356-EDE8-48D9-932B-10E6C2FD5FFC}.Release|Any CPU.Build.0 = Release|Any CPU
		{3849176C-0F1C-4772-BFD1-8F1BE03DD4AD}.Debug|Any CPU.ActiveCfg = Debug|Any CPU
		{3849176C-0F1C-4772-BFD1-8F1BE03DD4AD}.Debug|Any CPU.Build.0 = Debug|Any CPU
		{3849176C-0F1C-4772-BFD1-8F1BE03DD4AD}.Release|Any CPU.ActiveCfg = Release|Any CPU
		{3849176C-0F1C-4772-BFD1-8F1BE03DD4AD}.Release|Any CPU.Build.0 = Release|Any CPU
	EndGlobalSection
	GlobalSection(SolutionProperties) = preSolution
		HideSolutionNode = FALSE
	EndGlobalSection
	GlobalSection(NestedProjects) = preSolution
		{B2D06C57-0BD6-479F-9C0A-38EFF41132F8} = {2CFD999F-D375-42CF-B1BF-17433715DBAC}
		{A245AF64-BE1F-4887-BDE5-F30B42B01579} = {B2D06C57-0BD6-479F-9C0A-38EFF41132F8}
		{23B3515A-9DE9-48D3-9D3D-F0C432BF3977} = {A245AF64-BE1F-4887-BDE5-F30B42B01579}
		{E79E8359-3911-40D5-BFB1-AF76E151C3BE} = {A245AF64-BE1F-4887-BDE5-F30B42B01579}
		{961879BA-E0D2-4A4E-AAD9-24DF1D2756F8} = {A245AF64-BE1F-4887-BDE5-F30B42B01579}
		{4B7C477A-5EE1-4317-8A5B-F45EC79CCAF2} = {A245AF64-BE1F-4887-BDE5-F30B42B01579}
		{AB5563E6-5E71-42D6-911D-273399796165} = {4B7C477A-5EE1-4317-8A5B-F45EC79CCAF2}
		{9E2B26B5-BE15-48EC-894C-4E0167F47718} = {961879BA-E0D2-4A4E-AAD9-24DF1D2756F8}
		{D57C755C-CD42-45A3-9BD9-1BA323D32503} = {E79E8359-3911-40D5-BFB1-AF76E151C3BE}
		{23C8B941-8D41-422A-AD39-929A63E5F627} = {23B3515A-9DE9-48D3-9D3D-F0C432BF3977}
		{91D345A1-2634-4FCE-80B0-51D24F5C82DC} = {A245AF64-BE1F-4887-BDE5-F30B42B01579}
		{D224A1A3-8A3A-46CE-B0E0-D7B7D631C81E} = {A245AF64-BE1F-4887-BDE5-F30B42B01579}
		{3B4EEF7E-4686-4881-B97A-9768F3E56C4E} = {91D345A1-2634-4FCE-80B0-51D24F5C82DC}
		{36464308-AD28-4119-AD37-ED3EED130383} = {D224A1A3-8A3A-46CE-B0E0-D7B7D631C81E}
		{F23DD347-19FC-48DA-8862-E083DC8D2008} = {12251ED1-7FB8-47F2-BC00-27547CE55E5B}
		{35CC1BEE-5209-4AE0-BE95-821243B17B74} = {B2D06C57-0BD6-479F-9C0A-38EFF41132F8}
		{0ECC03B8-7B0B-4FBA-85FE-48A99DD334AA} = {35CC1BEE-5209-4AE0-BE95-821243B17B74}
		{BDCB5F9F-AC29-4982-BED1-559441A1DA86} = {35CC1BEE-5209-4AE0-BE95-821243B17B74}
		{036B318B-E677-4DF3-9609-7554A763F223} = {12251ED1-7FB8-47F2-BC00-27547CE55E5B}
		{9819D56B-5451-45BF-B6A4-AED8ECFB9C36} = {35CC1BEE-5209-4AE0-BE95-821243B17B74}
		{F5A5CA13-E1B8-4B2C-A25E-02410EF38328} = {35CC1BEE-5209-4AE0-BE95-821243B17B74}
		{7BB54D9A-8882-4395-B51D-1D519791C8F4} = {12251ED1-7FB8-47F2-BC00-27547CE55E5B}
		{B08AA3F3-24F5-4EE6-9449-92BAFC7A7F21} = {35CC1BEE-5209-4AE0-BE95-821243B17B74}
		{0524572E-AB70-486D-9A1C-29E1F3D3660D} = {35CC1BEE-5209-4AE0-BE95-821243B17B74}
		{1F12ACF8-FF39-4E96-ADC8-9F4BE29DCA3F} = {12251ED1-7FB8-47F2-BC00-27547CE55E5B}
		{729D0AB6-264A-4DC3-A67F-05AD1B50478E} = {35CC1BEE-5209-4AE0-BE95-821243B17B74}
		{5C7515F6-272D-422D-8A24-44A7E172CDB0} = {35CC1BEE-5209-4AE0-BE95-821243B17B74}
		{9FB0869A-D0F3-41FA-A9F9-E4FF31BA8C6A} = {35CC1BEE-5209-4AE0-BE95-821243B17B74}
		{73172361-7562-4E24-AC4B-3B03D57A062A} = {35CC1BEE-5209-4AE0-BE95-821243B17B74}
		{21F9F356-EDE8-48D9-932B-10E6C2FD5FFC} = {35CC1BEE-5209-4AE0-BE95-821243B17B74}
		{3849176C-0F1C-4772-BFD1-8F1BE03DD4AD} = {35CC1BEE-5209-4AE0-BE95-821243B17B74}
	EndGlobalSection
	GlobalSection(ExtensibilityGlobals) = postSolution
		SolutionGuid = {0DAEE9A1-D852-4237-B916-25B8D1A37627}
	EndGlobalSection
EndGlobal
